[meta]
generated_by = "vibe 1.0.0"
generated_at = "2026-08-24T02:45:45Z"
schema_version = 6
root_dependencies = [
    "flow:org.vibevm.fractality/delegation-first@^1.0.0",
    "flow:org.vibevm.world/omnichannel@^1.0.0",
    "flow:org.vibevm.world/redbook@^1.0.0",
    "flow:org.vibevm.world/wal@^1.0.0",
    "flow:org.vibevm.world/wal-specspaces@^1.0.0",
    "stack:org.vibevm.ai-native/rust-ai-native@^1.0.0",
    "stack:org.vibevm.ai-native/typescript-ai-native@^1.0.0",
]

[[package]]
kind = "flow"
name = "delegation-first"
group = "org.vibevm.fractality"
version = "1.0.0"
source_url = "file:///C:/Users/olegc/git/v/vibevm/packages/org.vibevm.fractality/delegation-first/v1.0.0"
content_hash = "sha256:1e422a7f579acb2b2db89299642b99ea45d3223daae31084531095674e935a52"
files_written = []
dependencies = ["flow:org.vibevm.fractality/delegation-rules@=1.0.0"]
admitted_by = "root-edge"
source_kind = "local"

[[package]]
kind = "flow"
name = "omnichannel"
group = "org.vibevm.world"
version = "1.0.0"
source_url = "file:///C:/Users/olegc/git/v/vibevm/packages/org.vibevm.world/omnichannel/v1.0.0"
content_hash = "sha256:41a34896c440afc1a905d5d4b3fb114da86af4763c0ba1dc54485f54e4d3964a"
files_written = []
admitted_by = "root-edge"
source_kind = "local"

[[package]]
kind = "flow"
name = "redbook"
group = "org.vibevm.world"
version = "1.0.0"
source_url = "file:///C:/Users/olegc/git/v/vibevm/packages/org.vibevm.world/redbook/v1.0.0"
content_hash = "sha256:6108e3b0074c7a00d6217adbae57fe806394bb1d6da25e1360f1f44057861add"
files_written = []
dependencies = [
    "flow:org.vibevm.world/addressable-specs@=1.0.0",
    "flow:org.vibevm.world/campaign-plans@=1.0.0",
    "flow:org.vibevm.world/comparative-research@=1.0.0",
    "flow:org.vibevm.world/conflict-protocol@=1.0.0",
    "flow:org.vibevm.world/decision-records@=1.0.0",
    "flow:org.vibevm.world/dev-runtime-docs@=1.0.0",
    "flow:org.vibevm.world/discovery-prompt@=1.0.0",
    "flow:org.vibevm.world/git-practices@=1.0.0",
    "flow:org.vibevm.world/health-audit@=1.0.0",
    "flow:org.vibevm.world/licensing@=1.0.0",
    "flow:org.vibevm.world/managed-blocks@=1.0.0",
    "flow:org.vibevm.world/manual-tests@=1.0.0",
    "flow:org.vibevm.world/operating-modes@=1.0.0",
    "flow:org.vibevm.world/qualified-naming@=1.0.0",
    "flow:org.vibevm.world/secrets-hygiene@=1.0.0",
    "flow:org.vibevm.world/source-mirrors@=1.0.0",
    "flow:org.vibevm.world/spec-genres@=1.0.0",
    "flow:org.vibevm.world/sync-from-code@=1.0.0",
    "flow:org.vibevm.world/tool-design-lessons@=1.0.0",
    "flow:org.vibevm.world/two-process-model@=1.0.0",
    "flow:org.vibevm.world/wal-specspaces@=1.0.0",
]
admitted_by = "root-edge"
source_kind = "local"

[[package]]
kind = "flow"
name = "wal"
group = "org.vibevm.world"
version = "1.0.0"
source_url = "file:///C:/Users/olegc/git/v/vibevm/packages/org.vibevm.world/wal/v1.0.0"
content_hash = "sha256:96fda75b0d3bad391d118c804e10f330f39b0aec93a32dfc5517dd06eea28cfb"
files_written = []
admitted_by = "root-edge"
source_kind = "local"

[[package]]
kind = "flow"
name = "wal-specspaces"
group = "org.vibevm.world"
version = "1.0.0"
source_url = "file:///C:/Users/olegc/git/v/vibevm/packages/org.vibevm.world/wal-specspaces/v1.0.0"
content_hash = "sha256:7fb26ab89cc22daaf83be8d948ef302d859a3448eebe54cd33ab6849feb2ea11"
files_written = []
dependencies = ["flow:org.vibevm.world/wal@=1.0.0"]
admitted_by = "root-edge"
source_kind = "local"

[[package]]
kind = "stack"
name = "rust-ai-native"
group = "org.vibevm.ai-native"
version = "1.0.0"
source_url = "file:///C:/Users/olegc/git/v/vibevm/packages/org.vibevm.ai-native/rust-ai-native/v1.0.0"
content_hash = "sha256:6808c68c672e5a4bd2d43b125f07280c15b11e8acefc53e26b93e9016b6f6178"
files_written = []
dependencies = [
    "lang:org.vibevm.ai-native/rust-ai-native-lang@=1.0.0",
    "mcp:org.vibevm.ai-native/rust-ai-native-mcp@=1.0.0",
]
admitted_by = "root-edge"
source_kind = "local"

[[package]]
kind = "stack"
name = "typescript-ai-native"
group = "org.vibevm.ai-native"
version = "1.0.0"
source_url = "file:///C:/Users/olegc/git/v/vibevm/packages/org.vibevm.ai-native/typescript-ai-native/v1.0.0"
content_hash = "sha256:afb8e42cc47cfecf798955264bdd8cf50d4e9f5c31b8782f816cabbe039e722a"
files_written = []
dependencies = [
    "lang:org.vibevm.ai-native/typescript-ai-native-lang@=1.0.0",
    "mcp:org.vibevm.ai-native/typescript-ai-native-mcp@=1.0.0",
]
admitted_by = "root-edge"
source_kind = "local"

[[package]]
kind = "flow"
name = "core-ai-native"
group = "org.vibevm.ai-native"
version = "1.0.0"
source_url = "file:///C:/Users/olegc/git/v/vibevm/packages/org.vibevm.ai-native/core-ai-native/v1.0.0"
content_hash = "sha256:9a2589697c73b08a23992b1ab350b828306687de893be5433a882ced401f8750"
files_written = []
admitted_by = "public-chain"
source_kind = "local"

[[package]]
kind = "lang"
name = "rust-ai-native-lang"
group = "org.vibevm.ai-native"
version = "1.0.0"
source_url = "file:///C:/Users/olegc/git/v/vibevm/packages/org.vibevm.ai-native/rust-ai-native-lang/v1.0.0"
content_hash = "sha256:a53b37ed21d433a0c087a693204e279aef3362caf31d5544dca80424994cba3c"
files_written = []
dependencies = ["flow:org.vibevm.ai-native/core-ai-native@=1.0.0"]
admitted_by = "public-chain"
source_kind = "local"

[[package]]
kind = "mcp"
name = "rust-ai-native-mcp"
group = "org.vibevm.ai-native"
version = "1.0.0"
source_url = "file:///C:/Users/olegc/git/v/vibevm/packages/org.vibevm.ai-native/rust-ai-native-mcp/v1.0.0"
content_hash = "sha256:d2afbad625896f20cda25c4aebde654022ff294bb36861d40c41e3e8988812ed"
files_written = []
dependencies = ["lang:org.vibevm.ai-native/rust-ai-native-lang@=1.0.0"]
admitted_by = "public-chain"
source_kind = "local"

[[package]]
kind = "lang"
name = "typescript-ai-native-lang"
group = "org.vibevm.ai-native"
version = "1.0.0"
source_url = "file:///C:/Users/olegc/git/v/vibevm/packages/org.vibevm.ai-native/typescript-ai-native-lang/v1.0.0"
content_hash = "sha256:9f5be71c0ed555e01dda04e6b8a974912eeba951a5d789e906d10043cfad5d71"
files_written = []
dependencies = ["flow:org.vibevm.ai-native/core-ai-native@=1.0.0"]
admitted_by = "public-chain"
source_kind = "local"

[[package]]
kind = "mcp"
name = "typescript-ai-native-mcp"
group = "org.vibevm.ai-native"
version = "1.0.0"
source_url = "file:///C:/Users/olegc/git/v/vibevm/packages/org.vibevm.ai-native/typescript-ai-native-mcp/v1.0.0"
content_hash = "sha256:3044e806abfbf83463ada1467fbc4804f7bd1f69ad1ced2965e4b1f39212a629"
files_written = []
dependencies = ["lang:org.vibevm.ai-native/typescript-ai-native-lang@=1.0.0"]
admitted_by = "public-chain"
source_kind = "local"

[[package]]
kind = "flow"
name = "delegation-rules"
group = "org.vibevm.fractality"
version = "1.0.0"
source_url = "file:///C:/Users/olegc/git/v/vibevm/packages/org.vibevm.fractality/delegation-rules/v1.0.0"
content_hash = "sha256:1f61d758fabc0e811a7c1e01e575bbef725c4e44733cb0905ac1a491fee8ebfe"
files_written = []
admitted_by = "public-chain"
source_kind = "local"

[[package]]
kind = "flow"
name = "addressable-specs"
group = "org.vibevm.world"
version = "1.0.0"
source_url = "file:///C:/Users/olegc/git/v/vibevm/packages/org.vibevm.world/addressable-specs/v1.0.0"
content_hash = "sha256:afc9a870549706efc8ca4ecb0f895d3e52e031570bdd900715a237adaa2a8eb5"
files_written = []
admitted_by = "public-chain"
source_kind = "local"

[[package]]
kind = "flow"
name = "campaign-plans"
group = "org.vibevm.world"
version = "1.0.0"
source_url = "file:///C:/Users/olegc/git/v/vibevm/packages/org.vibevm.world/campaign-plans/v1.0.0"
content_hash = "sha256:b20bd30c8cac2f9471a67f7d66aa7a35965c23e3fe34c007aa692303f9471733"
files_written = []
admitted_by = "public-chain"
source_kind = "local"

[[package]]
kind = "flow"
name = "comparative-research"
group = "org.vibevm.world"
version = "1.0.0"
source_url = "file:///C:/Users/olegc/git/v/vibevm/packages/org.vibevm.world/comparative-research/v1.0.0"
content_hash = "sha256:1815471231047765d18a5e847d7da795896dd0c0aad725384338b1d7351e957b"
files_written = []
admitted_by = "public-chain"
source_kind = "local"

[[package]]
kind = "flow"
name = "conflict-protocol"
group = "org.vibevm.world"
version = "1.0.0"
source_url = "file:///C:/Users/olegc/git/v/vibevm/packages/org.vibevm.world/conflict-protocol/v1.0.0"
content_hash = "sha256:97b1ef3fbb383fea799a8c8b163cc8fa3a0624eebdcb2b8657d960bbbbc6ba11"
files_written = []
admitted_by = "public-chain"
source_kind = "local"

[[package]]
kind = "flow"
name = "decision-records"
group = "org.vibevm.world"
version = "1.0.0"
source_url = "file:///C:/Users/olegc/git/v/vibevm/packages/org.vibevm.world/decision-records/v1.0.0"
content_hash = "sha256:7c5e2dfea0448a83b3e03510ee93370c15d4e516865622910c61ae963b1c2763"
files_written = []
admitted_by = "public-chain"
source_kind = "local"

[[package]]
kind = "flow"
name = "dev-runtime-docs"
group = "org.vibevm.world"
version = "1.0.0"
source_url = "file:///C:/Users/olegc/git/v/vibevm/packages/org.vibevm.world/dev-runtime-docs/v1.0.0"
content_hash = "sha256:6ce623f26ccd35a762ac763b2f8156f84f488ad898a0eccb820612f0f1afbc2e"
files_written = []
admitted_by = "public-chain"
source_kind = "local"

[[package]]
kind = "flow"
name = "discovery-prompt"
group = "org.vibevm.world"
version = "1.0.0"
source_url = "file:///C:/Users/olegc/git/v/vibevm/packages/org.vibevm.world/discovery-prompt/v1.0.0"
content_hash = "sha256:de097f81fb5a0f8784943f571529c468849cab234875369c690ccca952e070ce"
files_written = []
admitted_by = "public-chain"
source_kind = "local"

[[package]]
kind = "flow"
name = "git-atomic-commits"
group = "org.vibevm.world"
version = "1.0.0"
source_url = "file:///C:/Users/olegc/git/v/vibevm/packages/org.vibevm.world/git-atomic-commits/v1.0.0"
content_hash = "sha256:ed7628275c647386ac460cba756a413cb79777c2d2fa7af274c2319cbb4ea410"
files_written = []
admitted_by = "public-chain"
source_kind = "local"

[[package]]
kind = "flow"
name = "git-attribution-policy"
group = "org.vibevm.world"
version = "1.0.0"
source_url = "file:///C:/Users/olegc/git/v/vibevm/packages/org.vibevm.world/git-attribution-policy/v1.0.0"
content_hash = "sha256:b7634571218f28244a9388b202f0de9605b52dcb886da1513f48e22ba98f56f7"
files_written = []
admitted_by = "public-chain"
source_kind = "local"

[[package]]
kind = "flow"
name = "git-autonomy"
group = "org.vibevm.world"
version = "1.0.0"
source_url = "file:///C:/Users/olegc/git/v/vibevm/packages/org.vibevm.world/git-autonomy/v1.0.0"
content_hash = "sha256:af5cf499f0dc853434bc276071e5abecfcfa110a24431f3b73e0c6b3b066417b"
files_written = []
admitted_by = "public-chain"
source_kind = "local"

[[package]]
kind = "flow"
name = "git-conventional-commits"
group = "org.vibevm.world"
version = "1.0.0"
source_url = "file:///C:/Users/olegc/git/v/vibevm/packages/org.vibevm.world/git-conventional-commits/v1.0.0"
content_hash = "sha256:b28585ce13cb47622578f8a398145eea2721fc92e9af9d74f72550e4426048e8"
files_written = []
admitted_by = "public-chain"
source_kind = "local"

[[package]]
kind = "flow"
name = "git-practices"
group = "org.vibevm.world"
version = "1.0.0"
source_url = "file:///C:/Users/olegc/git/v/vibevm/packages/org.vibevm.world/git-practices/v1.0.0"
content_hash = "sha256:7db7c326dd38712829b727c88167e24236408b8285d1d3ef597e7bb8c8ea0f78"
files_written = []
dependencies = [
    "flow:org.vibevm.world/git-atomic-commits@=1.0.0",
    "flow:org.vibevm.world/git-attribution-policy@=1.0.0",
    "flow:org.vibevm.world/git-autonomy@=1.0.0",
    "flow:org.vibevm.world/git-conventional-commits@=1.0.0",
]
admitted_by = "public-chain"
source_kind = "local"

[[package]]
kind = "flow"
name = "health-audit"
group = "org.vibevm.world"
version = "1.0.0"
source_url = "file:///C:/Users/olegc/git/v/vibevm/packages/org.vibevm.world/health-audit/v1.0.0"
content_hash = "sha256:d645e26a31457583e15874cc0c16ec0d6cbf80596830584dda364fa75a5e818f"
files_written = []
admitted_by = "public-chain"
source_kind = "local"

[[package]]
kind = "flow"
name = "licensing"
group = "org.vibevm.world"
version = "1.0.0"
source_url = "file:///C:/Users/olegc/git/v/vibevm/packages/org.vibevm.world/licensing/v1.0.0"
content_hash = "sha256:48368723750a5a356f13bceaf97addc66eacfc6752d920d89561b890ed79ab19"
files_written = []
admitted_by = "public-chain"
source_kind = "local"

[[package]]
kind = "flow"
name = "managed-blocks"
group = "org.vibevm.world"
version = "1.0.0"
source_url = "file:///C:/Users/olegc/git/v/vibevm/packages/org.vibevm.world/managed-blocks/v1.0.0"
content_hash = "sha256:c54fcff24ddeb4901c4720f359f7f7c4121f0d5056d6cfe2c4dd9f9cb1b8759c"
files_written = []
admitted_by = "public-chain"
source_kind = "local"

[[package]]
kind = "flow"
name = "manual-tests"
group = "org.vibevm.world"
version = "1.0.0"
source_url = "file:///C:/Users/olegc/git/v/vibevm/packages/org.vibevm.world/manual-tests/v1.0.0"
content_hash = "sha256:d3217a049d7e9c7b2feef7c3056f6c66c08d5b0d8b63c0e7b2955315ed82adf7"
files_written = []
admitted_by = "public-chain"
source_kind = "local"

[[package]]
kind = "flow"
name = "operating-modes"
group = "org.vibevm.world"
version = "1.0.0"
source_url = "file:///C:/Users/olegc/git/v/vibevm/packages/org.vibevm.world/operating-modes/v1.0.0"
content_hash = "sha256:6e960aff00f09609a5b275896f905734eb75058d02136b8c55b9b53808d8d6d6"
files_written = []
admitted_by = "public-chain"
source_kind = "local"

[[package]]
kind = "flow"
name = "qualified-naming"
group = "org.vibevm.world"
version = "1.0.0"
source_url = "file:///C:/Users/olegc/git/v/vibevm/packages/org.vibevm.world/qualified-naming/v1.0.0"
content_hash = "sha256:8a91ddcce4d15185e139d550cf5df7f8663fade402120fb279731fbf3b7e5b60"
files_written = []
admitted_by = "public-chain"
source_kind = "local"

[[package]]
kind = "flow"
name = "secrets-hygiene"
group = "org.vibevm.world"
version = "1.0.0"
source_url = "file:///C:/Users/olegc/git/v/vibevm/packages/org.vibevm.world/secrets-hygiene/v1.0.0"
content_hash = "sha256:a2eeb2b5318c818ba885f9e08e9885dd7dcad5c0612cf6688fb2e46e903f2357"
files_written = []
admitted_by = "public-chain"
source_kind = "local"

[[package]]
kind = "flow"
name = "source-mirrors"
group = "org.vibevm.world"
version = "1.0.0"
source_url = "file:///C:/Users/olegc/git/v/vibevm/packages/org.vibevm.world/source-mirrors/v1.0.0"
content_hash = "sha256:2b77406cc3221c737e9390abcb36dec58ceb399fb11a624655b362e61942bd39"
files_written = []
admitted_by = "public-chain"
source_kind = "local"

[[package]]
kind = "flow"
name = "spec-genres"
group = "org.vibevm.world"
version = "1.0.0"
source_url = "file:///C:/Users/olegc/git/v/vibevm/packages/org.vibevm.world/spec-genres/v1.0.0"
content_hash = "sha256:e50f1a4c179968cf5617de0f505f445f4b9a4c05dfebdfb8bfc434e033822683"
files_written = []
admitted_by = "public-chain"
source_kind = "local"

[[package]]
kind = "flow"
name = "sync-from-code"
group = "org.vibevm.world"
version = "1.0.0"
source_url = "file:///C:/Users/olegc/git/v/vibevm/packages/org.vibevm.world/sync-from-code/v1.0.0"
content_hash = "sha256:e69ab635c33bc313676fb3299009d735b86bdde5733e749df979245f839e9cb1"
files_written = []
admitted_by = "public-chain"
source_kind = "local"

[[package]]
kind = "flow"
name = "tool-design-lessons"
group = "org.vibevm.world"
version = "1.0.0"
source_url = "file:///C:/Users/olegc/git/v/vibevm/packages/org.vibevm.world/tool-design-lessons/v1.0.0"
content_hash = "sha256:5ffdfa24f6d2049a8d5e2d42f1451317caea569b7711a1621a5f7ccceb9745f5"
files_written = []
admitted_by = "public-chain"
source_kind = "local"

[[package]]
kind = "flow"
name = "two-process-model"
group = "org.vibevm.world"
version = "1.0.0"
source_url = "file:///C:/Users/olegc/git/v/vibevm/packages/org.vibevm.world/two-process-model/v1.0.0"
content_hash = "sha256:f5f401c9af26e21bfdf27821ae9c98f24925febac38328d3b66ac09e87f78cd2"
files_written = []
admitted_by = "public-chain"
source_kind = "local"
