# vibevm.discipline.lock — pins the Discipline package version this
# repository is piloting (TERRAFORM-PLAN-v0.3 §2). Reproducibility
# anchor for the pilot: predictions, cards, and the closing REPORT
# are read against exactly this Discipline revision. Also an epoch
# input for the intent ledger (`specmap-core::ledger::epoch`) — the
# "discipline package in effect" component.
#
# Regenerate by re-running the install recipe in
# `spec/neworder/README.md` and copying the resulting `vibe.lock`
# hashes here. Hand edits outside that flow are a defect.

schema = 1
discipline_version = "0.2.0"
discipline_status = "BETA"

[[package]]
pkgref = "flow:org.vibevm/discipline-core@0.2.0"
source = "packages/org.vibevm/discipline-core/v0.2.0"
slot = "vibedeps/flow-discipline-core/0.2.0"
content_hash = "sha256:1106260c884dd03b0f14e52d4c54d128580a80bc520a56c01220aa0ec007422c"

[[package]]
pkgref = "stack:org.vibevm/rust-ai-native@0.2.0"
source = "packages/org.vibevm/rust-ai-native/v0.2.0"
slot = "vibedeps/stack-rust-ai-native/0.2.0"
content_hash = "sha256:124151889b95b01c23bea3fb68618b7dbd2e14630443b814270506712dcbea43"
