# vibevm.discipline.lock — pins the Discipline package version this
# repository is piloting (TERRAFORM-PLAN-v0.3 §2). Reproducibility
# anchor for the pilot: predictions, cards, and the closing REPORT
# are read against exactly this Discipline revision. Also an epoch
# input for the intent ledger (`specmap-core::ledger::epoch`) — the
# "discipline package in effect" component.
#
# Regenerate by re-running the install recipe in
# `legacy-spec/neworder/README.md` and copying the resulting `vibe.lock`
# hashes here. Hand edits outside that flow are a defect.

schema = 1
discipline_version = "1.0.0"
discipline_status = "BETA"

[[package]]
pkgref = "flow:org.vibevm.ai-native/core-ai-native@1.0.0"
source = "vibevm/vibepacks/org.vibevm.ai-native/core-ai-native/v1.0.0"
slot = "vibevm/vibedeps/org.vibevm.ai-native.core-ai-native/1.0.0"
content_hash = "sha256:c869ddb0f62bb842440243ab9fb5dee82e61555b27defd0fef860bd102031655"

[[package]]
pkgref = "stack:org.vibevm.ai-native/rust-ai-native@1.0.0"
source = "vibevm/vibepacks/org.vibevm.ai-native/rust-ai-native/v1.0.0"
slot = "vibevm/vibedeps/org.vibevm.ai-native.rust-ai-native/1.0.0"
content_hash = "sha256:e3a7b08775a375909f14ab1ecf02f5fc7e2f98f21b36b15dcd1d79a42d239b0b"
