[meta]
generated_by = "vibe 0.1.0-dev"
generated_at = "2026-07-07T17:17:51Z"
schema_version = 5
root_dependencies = ["stack:org.vibevm/rust-ai-native@^0.7.0"]

[[package]]
kind = "stack"
name = "rust-ai-native"
group = "org.vibevm"
version = "0.7.0"
source_url = "file:///C:/Users/olegc/gits/vibevm/packages/org.vibevm/rust-ai-native/v0.7.0"
content_hash = "sha256:08f6495e5d9eec5b1a94c704d336d2da84ba2c0af8fe0be273952386aed55e9d"
files_written = []
dependencies = [
    "mcp:org.vibevm/rust-ai-native-mcp@=0.7.0",
    "stack:org.vibevm/rust-ai-native-lang@=0.7.0",
]
source_kind = "registry"

[[package]]
kind = "flow"
name = "core-ai-native"
group = "org.vibevm"
version = "0.7.0"
source_url = "file:///C:/Users/olegc/gits/vibevm/packages/org.vibevm/core-ai-native/v0.7.0"
content_hash = "sha256:c7fddd70dcdac51de778a666bab82b8370aa715de7a9b2ee3d2dc9f6277b06f9"
files_written = []
source_kind = "registry"

[[package]]
kind = "stack"
name = "rust-ai-native-lang"
group = "org.vibevm"
version = "0.7.0"
source_url = "file:///C:/Users/olegc/gits/vibevm/packages/org.vibevm/rust-ai-native-lang/v0.7.0"
content_hash = "sha256:d5abd254625842766b15bcd2fd7d1c06a1cfb1fedac133102d7744993be7243d"
files_written = []
dependencies = ["flow:org.vibevm/core-ai-native@=0.7.0"]
source_kind = "registry"

[[package]]
kind = "mcp"
name = "rust-ai-native-mcp"
group = "org.vibevm"
version = "0.7.0"
source_url = "file:///C:/Users/olegc/gits/vibevm/packages/org.vibevm/rust-ai-native-mcp/v0.7.0"
content_hash = "sha256:4e14b0b25211b5799129cb41e6ebcb86277301169be1ed0c44e166de4b28be97"
files_written = []
dependencies = ["stack:org.vibevm/rust-ai-native-lang@=0.7.0"]
source_kind = "registry"
