[meta]
generated_by = "vibe 0.1.0-dev"
generated_at = "2026-07-07T12:07:50Z"
schema_version = 5
root_dependencies = ["stack:org.vibevm/rust-ai-native@^0.5.0"]

[[package]]
kind = "stack"
name = "rust-ai-native"
group = "org.vibevm"
version = "0.5.0"
source_url = "file:///C:/Users/olegc/gits/vibevm/packages/org.vibevm/rust-ai-native/v0.5.0"
content_hash = "sha256:fdca87622f713428a913a806844d67eec13e261c41b32d684c2e03cb0c05f2b5"
files_written = []
dependencies = ["flow:org.vibevm/discipline-core@=0.6.0"]
source_kind = "registry"

[[package]]
kind = "flow"
name = "discipline-core"
group = "org.vibevm"
version = "0.6.0"
source_url = "file:///C:/Users/olegc/gits/vibevm/packages/org.vibevm/discipline-core/v0.6.0"
content_hash = "sha256:10d5471838db959e7f968480166c4b9549fa7f64abc7df8255e72fa44c5cabd5"
files_written = []
source_kind = "registry"
