[meta]
generated_by = "vibe 0.1.0-dev"
generated_at = "2026-07-07T17:17:52Z"
schema_version = 5
root_dependencies = ["stack:org.vibevm/typescript-ai-native@^0.6.0"]

[[package]]
kind = "stack"
name = "typescript-ai-native"
group = "org.vibevm"
version = "0.6.0"
source_url = "file:///C:/Users/olegc/gits/vibevm/packages/org.vibevm/typescript-ai-native/v0.6.0"
content_hash = "sha256:8f78a8d5e8bf4e5065d813838b8c4827db694d65b7eb2f19bda65e7db5697bb3"
files_written = []
dependencies = [
    "mcp:org.vibevm/typescript-ai-native-mcp@=0.6.0",
    "stack:org.vibevm/typescript-ai-native-lang@=0.6.0",
]
source_kind = "registry"

[[package]]
kind = "flow"
name = "core-ai-native"
group = "org.vibevm"
version = "0.7.0"
source_url = "file:///C:/Users/olegc/gits/vibevm/packages/org.vibevm/core-ai-native/v0.7.0"
content_hash = "sha256:c7fddd70dcdac51de778a666bab82b8370aa715de7a9b2ee3d2dc9f6277b06f9"
files_written = []
source_kind = "registry"

[[package]]
kind = "stack"
name = "typescript-ai-native-lang"
group = "org.vibevm"
version = "0.6.0"
source_url = "file:///C:/Users/olegc/gits/vibevm/packages/org.vibevm/typescript-ai-native-lang/v0.6.0"
content_hash = "sha256:c6622db29ac65540983bdec64e7553265ba6c5266cda07d6fcbabbc361078228"
files_written = []
dependencies = ["flow:org.vibevm/core-ai-native@=0.7.0"]
source_kind = "registry"

[[package]]
kind = "mcp"
name = "typescript-ai-native-mcp"
group = "org.vibevm"
version = "0.6.0"
source_url = "file:///C:/Users/olegc/gits/vibevm/packages/org.vibevm/typescript-ai-native-mcp/v0.6.0"
content_hash = "sha256:56e710bfda59fff606c0e2ed4d0f2cf8bda919dca84aa42df87885e5d2f6185e"
files_written = []
dependencies = ["stack:org.vibevm/typescript-ai-native-lang@=0.6.0"]
source_kind = "registry"
