[meta]
generated_by = "vibe 0.1.0-dev"
generated_at = "2026-07-07T08:50:20Z"
schema_version = 5
root_dependencies = ["stack:org.vibevm/typescript-ai-native@^0.4.0"]

[[package]]
kind = "stack"
name = "typescript-ai-native"
group = "org.vibevm"
version = "0.4.0"
source_url = "file:///C:/Users/olegc/gits/vibevm/packages/org.vibevm/typescript-ai-native/v0.4.0"
content_hash = "sha256:9062b3a2057e09c367a016cb245d2c65bd685117da011d0a2ae862b1e57f1606"
files_written = []
dependencies = ["flow:org.vibevm/discipline-core@=0.5.0"]
source_kind = "registry"

[[package]]
kind = "flow"
name = "discipline-core"
group = "org.vibevm"
version = "0.5.0"
source_url = "file:///C:/Users/olegc/gits/vibevm/packages/org.vibevm/discipline-core/v0.5.0"
content_hash = "sha256:07f069be4cefda2869be3c2e6d9733483e204ee506fbe0670db04f08a8e220f3"
files_written = []
source_kind = "registry"
